
Microsoft Visual Studio Solution File, Format Version 12.00
# Visual Studio 15
VisualStudioVersion = 15.0.26730.10
MinimumVisualStudioVersion = 10.0.40219.1
Project("{FAE04EC0-301F-11D3-BF4B-00C04F79EFBC}") = "Dipl_template_winforms", "Dipl_template_winforms\Dipl_template_winforms.csproj", "{DC7BD976-B167-4BF9-98CF-D996E8F227ED}"
EndProject
Project("{FAE04EC0-301F-11D3-BF4B-00C04F79EFBC}") = "ConsoleApp1", "ConsoleApp1\ConsoleApp1.csproj", "{5366B543-F8B1-4DAD-A132-49E4E512A1D5}"
EndProject
Global
	GlobalSection(SolutionConfigurationPlatforms) = preSolution
		Debug|Any CPU = Debug|Any CPU
		Release|Any CPU = Release|Any CPU
	EndGlobalSection
	GlobalSection(ProjectConfigurationPlatforms) = postSolution
		{DC7BD976-B167-4BF9-98CF-D996E8F227ED}.Debug|Any CPU.ActiveCfg = Debug|Any CPU
		{DC7BD976-B167-4BF9-98CF-D996E8F227ED}.Debug|Any CPU.Build.0 = Debug|Any CPU
		{DC7BD976-B167-4BF9-98CF-D996E8F227ED}.Release|Any CPU.ActiveCfg = Release|Any CPU
		{DC7BD976-B167-4BF9-98CF-D996E8F227ED}.Release|Any CPU.Build.0 = Release|Any CPU
		{5366B543-F8B1-4DAD-A132-49E4E512A1D5}.Debug|Any CPU.ActiveCfg = Debug|Any CPU
		{5366B543-F8B1-4DAD-A132-49E4E512A1D5}.Debug|Any CPU.Build.0 = Debug|Any CPU
		{5366B543-F8B1-4DAD-A132-49E4E512A1D5}.Release|Any CPU.ActiveCfg = Release|Any CPU
		{5366B543-F8B1-4DAD-A132-49E4E512A1D5}.Release|Any CPU.Build.0 = Release|Any CPU
	EndGlobalSection
	GlobalSection(SolutionProperties) = preSolution
		HideSolutionNode = FALSE
	EndGlobalSection
	GlobalSection(ExtensibilityGlobals) = postSolution
		SolutionGuid = {768C7847-3E35-4CDC-B51B-55D2BCA29BD0}
	EndGlobalSection
EndGlobal
